
Microsoft Visual Studio Solution File, Format Version 12.00
# Visual Studio Version 17
VisualStudioVersion = 17.9.34622.214
MinimumVisualStudioVersion = 10.0.40219.1
Project("{FAE04EC0-301F-11D3-BF4B-00C04F79EFBC}") = "task4_paa", "task4_paa.csproj", "{7209C314-B72B-4FEB-AE0E-5461DA8C6EBD}"
EndProject
Global
	GlobalSection(SolutionConfigurationPlatforms) = preSolution
		Debug|Any CPU = Debug|Any CPU
		Release|Any CPU = Release|Any CPU
	EndGlobalSection
	GlobalSection(ProjectConfigurationPlatforms) = postSolution
		{7209C314-B72B-4FEB-AE0E-5461DA8C6EBD}.Debug|Any CPU.ActiveCfg = Debug|Any CPU
		{7209C314-B72B-4FEB-AE0E-5461DA8C6EBD}.Debug|Any CPU.Build.0 = Debug|Any CPU
		{7209C314-B72B-4FEB-AE0E-5461DA8C6EBD}.Release|Any CPU.ActiveCfg = Release|Any CPU
		{7209C314-B72B-4FEB-AE0E-5461DA8C6EBD}.Release|Any CPU.Build.0 = Release|Any CPU
	EndGlobalSection
	GlobalSection(SolutionProperties) = preSolution
		HideSolutionNode = FALSE
	EndGlobalSection
	GlobalSection(ExtensibilityGlobals) = postSolution
		SolutionGuid = {1DB4E12C-872F-467A-BE27-4AED1B230571}
	EndGlobalSection
EndGlobal
